
Microsoft Visual Studio Solution File, Format Version 12.00
# Visual Studio 15
VisualStudioVersion = 15.0.26730.16
MinimumVisualStudioVersion = 10.0.40219.1
Project("{FAE04EC0-301F-11D3-BF4B-00C04F79EFBC}") = "Funcular.IdGenerators", "Funcular.IdGenerators.csproj", "{B35565E7-D35B-4C95-B18B-A869506D8354}"
EndProject
Project("{FAE04EC0-301F-11D3-BF4B-00C04F79EFBC}") = "Funcular.IdGenerators.UnitTests", "Funcular.IdGenerators.UnitTests\Funcular.IdGenerators.UnitTests.csproj", "{2F568598-A57D-4505-87C1-B9794B0FBCE5}"
EndProject
Project("{2150E333-8FDC-42A3-9474-1A3956D46DE8}") = ".nuget", ".nuget", "{002F9329-F351-454E-B196-BE3878C09058}"
	ProjectSection(SolutionItems) = preProject
		.nuget\NuGet.Config = .nuget\NuGet.Config
		.nuget\NuGet.exe = .nuget\NuGet.exe
		.nuget\NuGet.targets = .nuget\NuGet.targets
	EndProjectSection
EndProject
Project("{2150E333-8FDC-42A3-9474-1A3956D46DE8}") = "Solution Items", "Solution Items", "{A80DD9CE-A760-4BC3-B229-BDAE33F894A4}"
	ProjectSection(SolutionItems) = preProject
		Performance1.psess = Performance1.psess
		Performance2.psess = Performance2.psess
	EndProjectSection
EndProject
Project("{FAE04EC0-301F-11D3-BF4B-00C04F79EFBC}") = "Funcular.IdGenerators.PerformanceTests", "Funcular.IdGenerators.PerformanceTests\Funcular.IdGenerators.PerformanceTests.csproj", "{78E47237-C866-4D54-9B8B-A1719BFF0FA0}"
EndProject
Project("{2150E333-8FDC-42A3-9474-1A3956D46DE8}") = "DotNetStandard", "DotNetStandard", "{F56EC71C-A7EA-4497-AA46-F69A603D6DED}"
EndProject
Project("{2150E333-8FDC-42A3-9474-1A3956D46DE8}") = "DotNetCore", "DotNetCore", "{499125E9-8F8B-4578-87BE-D07BA78E0B6A}"
EndProject
Project("{9A19103F-16F7-4668-BE54-9A1E7A4F7556}") = "Funcular.DotNetCore.IdGenerators", "..\Funcular.DotNetCore.IdGenerators\Funcular.DotNetCore.IdGenerators\Funcular.DotNetCore.IdGenerators.csproj", "{D2B1D08E-9461-4E86-92E4-DA06DD24EB24}"
EndProject
Project("{9A19103F-16F7-4668-BE54-9A1E7A4F7556}") = "Funcular.DotNetCore.IdGenerators.UnitTests", "..\Funcular.DotNetCore.IdGenerators\Funcular.DotNetCore.IdGenerators.UnitTests\Funcular.DotNetCore.IdGenerators.UnitTests.csproj", "{0F70734A-81BF-43E3-9B21-EDA13CEA7B62}"
EndProject
Project("{9A19103F-16F7-4668-BE54-9A1E7A4F7556}") = "Funcular.DotNetCore.IdGenerators.PerformanceTests", "..\Funcular.DotNetCore.IdGenerators\Funcular.DotNetCore.IdGenerators.PerformanceTests\Funcular.DotNetCore.IdGenerators.PerformanceTests.csproj", "{1BE9AA76-4B86-4A20-B970-A5DDC5232BF2}"
EndProject
Global
	GlobalSection(SolutionConfigurationPlatforms) = preSolution
		Debug|Any CPU = Debug|Any CPU
		Release|Any CPU = Release|Any CPU
	EndGlobalSection
	GlobalSection(ProjectConfigurationPlatforms) = postSolution
		{B35565E7-D35B-4C95-B18B-A869506D8354}.Debug|Any CPU.ActiveCfg = Debug|Any CPU
		{B35565E7-D35B-4C95-B18B-A869506D8354}.Debug|Any CPU.Build.0 = Debug|Any CPU
		{B35565E7-D35B-4C95-B18B-A869506D8354}.Release|Any CPU.ActiveCfg = Release|Any CPU
		{B35565E7-D35B-4C95-B18B-A869506D8354}.Release|Any CPU.Build.0 = Release|Any CPU
		{2F568598-A57D-4505-87C1-B9794B0FBCE5}.Debug|Any CPU.ActiveCfg = Debug|Any CPU
		{2F568598-A57D-4505-87C1-B9794B0FBCE5}.Debug|Any CPU.Build.0 = Debug|Any CPU
		{2F568598-A57D-4505-87C1-B9794B0FBCE5}.Release|Any CPU.ActiveCfg = Release|Any CPU
		{2F568598-A57D-4505-87C1-B9794B0FBCE5}.Release|Any CPU.Build.0 = Release|Any CPU
		{78E47237-C866-4D54-9B8B-A1719BFF0FA0}.Debug|Any CPU.ActiveCfg = Debug|Any CPU
		{78E47237-C866-4D54-9B8B-A1719BFF0FA0}.Debug|Any CPU.Build.0 = Debug|Any CPU
		{78E47237-C866-4D54-9B8B-A1719BFF0FA0}.Release|Any CPU.ActiveCfg = Release|Any CPU
		{78E47237-C866-4D54-9B8B-A1719BFF0FA0}.Release|Any CPU.Build.0 = Release|Any CPU
		{D2B1D08E-9461-4E86-92E4-DA06DD24EB24}.Debug|Any CPU.ActiveCfg = Debug|Any CPU
		{D2B1D08E-9461-4E86-92E4-DA06DD24EB24}.Debug|Any CPU.Build.0 = Debug|Any CPU
		{D2B1D08E-9461-4E86-92E4-DA06DD24EB24}.Release|Any CPU.ActiveCfg = Release|Any CPU
		{D2B1D08E-9461-4E86-92E4-DA06DD24EB24}.Release|Any CPU.Build.0 = Release|Any CPU
		{0F70734A-81BF-43E3-9B21-EDA13CEA7B62}.Debug|Any CPU.ActiveCfg = Debug|Any CPU
		{0F70734A-81BF-43E3-9B21-EDA13CEA7B62}.Debug|Any CPU.Build.0 = Debug|Any CPU
		{0F70734A-81BF-43E3-9B21-EDA13CEA7B62}.Release|Any CPU.ActiveCfg = Release|Any CPU
		{0F70734A-81BF-43E3-9B21-EDA13CEA7B62}.Release|Any CPU.Build.0 = Release|Any CPU
		{1BE9AA76-4B86-4A20-B970-A5DDC5232BF2}.Debug|Any CPU.ActiveCfg = Debug|Any CPU
		{1BE9AA76-4B86-4A20-B970-A5DDC5232BF2}.Debug|Any CPU.Build.0 = Debug|Any CPU
		{1BE9AA76-4B86-4A20-B970-A5DDC5232BF2}.Release|Any CPU.ActiveCfg = Release|Any CPU
		{1BE9AA76-4B86-4A20-B970-A5DDC5232BF2}.Release|Any CPU.Build.0 = Release|Any CPU
	EndGlobalSection
	GlobalSection(SolutionProperties) = preSolution
		HideSolutionNode = FALSE
	EndGlobalSection
	GlobalSection(NestedProjects) = preSolution
		{D2B1D08E-9461-4E86-92E4-DA06DD24EB24} = {499125E9-8F8B-4578-87BE-D07BA78E0B6A}
		{0F70734A-81BF-43E3-9B21-EDA13CEA7B62} = {499125E9-8F8B-4578-87BE-D07BA78E0B6A}
		{1BE9AA76-4B86-4A20-B970-A5DDC5232BF2} = {499125E9-8F8B-4578-87BE-D07BA78E0B6A}
	EndGlobalSection
	GlobalSection(ExtensibilityGlobals) = postSolution
		SolutionGuid = {4E0C540B-19EA-4EC3-96E1-A476F36F9F8F}
	EndGlobalSection
EndGlobal
